
Microsoft Visual Studio Solution File, Format Version 12.00
# Visual Studio Version 16
VisualStudioVersion = 16.0.30523.141
MinimumVisualStudioVersion = 10.0.40219.1
Project("{9A19103F-16F7-4668-BE54-9A1E7A4F7556}") = "queue", "queue.csproj", "{81C836B0-2E9D-43DF-BF60-FC98B67F75D7}"
EndProject
Global
	GlobalSection(SolutionConfigurationPlatforms) = preSolution
		Debug|Any CPU = Debug|Any CPU
		Release|Any CPU = Release|Any CPU
	EndGlobalSection
	GlobalSection(ProjectConfigurationPlatforms) = postSolution
		{81C836B0-2E9D-43DF-BF60-FC98B67F75D7}.Debug|Any CPU.ActiveCfg = Debug|Any CPU
		{81C836B0-2E9D-43DF-BF60-FC98B67F75D7}.Debug|Any CPU.Build.0 = Debug|Any CPU
		{81C836B0-2E9D-43DF-BF60-FC98B67F75D7}.Release|Any CPU.ActiveCfg = Release|Any CPU
		{81C836B0-2E9D-43DF-BF60-FC98B67F75D7}.Release|Any CPU.Build.0 = Release|Any CPU
	EndGlobalSection
	GlobalSection(SolutionProperties) = preSolution
		HideSolutionNode = FALSE
	EndGlobalSection
	GlobalSection(ExtensibilityGlobals) = postSolution
		SolutionGuid = {5301910B-4C1D-4001-99EF-256662E4C212}
	EndGlobalSection
EndGlobal
